
Microsoft Visual Studio Solution File, Format Version 12.00
# Visual Studio Version 17
VisualStudioVersion = 17.6.33829.357
MinimumVisualStudioVersion = 10.0.40219.1
Project("{FAE04EC0-301F-11D3-BF4B-00C04F79EFBC}") = "EOKUL", "EOKUL\EOKUL.csproj", "{3B91841E-F20F-4247-9DBA-BF762FDC7710}"
EndProject
Project("{54435603-DBB4-11D2-8724-00A0C9A8B90C}") = "Setup19", "Setup19\Setup19.vdproj", "{62459786-BE2F-48C1-8C7B-D132783E24DA}"
EndProject
Global
	GlobalSection(SolutionConfigurationPlatforms) = preSolution
		Debug|Any CPU = Debug|Any CPU
		Release|Any CPU = Release|Any CPU
	EndGlobalSection
	GlobalSection(ProjectConfigurationPlatforms) = postSolution
		{3B91841E-F20F-4247-9DBA-BF762FDC7710}.Debug|Any CPU.ActiveCfg = Debug|Any CPU
		{3B91841E-F20F-4247-9DBA-BF762FDC7710}.Debug|Any CPU.Build.0 = Debug|Any CPU
		{3B91841E-F20F-4247-9DBA-BF762FDC7710}.Release|Any CPU.ActiveCfg = Release|Any CPU
		{3B91841E-F20F-4247-9DBA-BF762FDC7710}.Release|Any CPU.Build.0 = Release|Any CPU
		{62459786-BE2F-48C1-8C7B-D132783E24DA}.Debug|Any CPU.ActiveCfg = Debug
		{62459786-BE2F-48C1-8C7B-D132783E24DA}.Release|Any CPU.ActiveCfg = Release
	EndGlobalSection
	GlobalSection(SolutionProperties) = preSolution
		HideSolutionNode = FALSE
	EndGlobalSection
	GlobalSection(ExtensibilityGlobals) = postSolution
		SolutionGuid = {F906B6B1-131D-4B9B-905B-1E77EBC7F20E}
	EndGlobalSection
EndGlobal
